<?xml version="1.0" encoding="utf-8"?>
<Project ToolsVersion="4.0" xmlns="http://schemas.microsoft.com/developer/msbuild/2003">
  <ItemGroup>
    <ClCompile Include="Main.cpp" />
    <ClCompile Include="Actor.cpp" />
    <ClCompile Include="Asteroid.cpp" />
    <ClCompile Include="CircleComponent.cpp" />
    <ClCompile Include="Component.cpp" />
    <ClCompile Include="Game.cpp" />
    <ClCompile Include="InputComponent.cpp" />
    <ClCompile Include="Laser.cpp" />
    <ClCompile Include="Math.cpp" />
    <ClCompile Include="MoveComponent.cpp" />
    <ClCompile Include="Random.cpp" />
    <ClCompile Include="Ship.cpp" />
    <ClCompile Include="SpriteComponent.cpp" />
    <ClCompile Include="VertexArray.cpp" />
    <ClCompile Include="Shader.cpp" />
    <ClCompile Include="Texture.cpp" />
    <ClCompile Include="InputSystem.cpp" />
  </ItemGroup>
  <ItemGroup>
    <ClInclude Include="Actor.hpp" />
    <ClInclude Include="Asteroid.hpp" />
    <ClInclude Include="CircleComponent.hpp" />
    <ClInclude Include="Component.hpp" />
    <ClInclude Include="Game.hpp" />
    <ClInclude Include="InputComponent.hpp" />
    <ClInclude Include="Laser.hpp" />
    <ClInclude Include="Math.hpp" />
    <ClInclude Include="MoveComponent.hpp" />
    <ClInclude Include="Random.hpp" />
    <ClInclude Include="Ship.hpp" />
    <ClInclude Include="SpriteComponent.hpp" />
    <ClInclude Include="VertexArray.hpp" />
    <ClInclude Include="Shader.hpp" />
    <ClInclude Include="Texture.hpp" />
    <ClInclude Include="InputSystem.hpp" />
  </ItemGroup>
</Project>